
Microsoft Visual Studio Solution File, Format Version 12.00
# Visual Studio Version 16
VisualStudioVersion = 16.0.30907.101
MinimumVisualStudioVersion = 10.0.40219.1
Project("{FAE04EC0-301F-11D3-BF4B-00C04F79EFBC}") = "Otus_hw_serializer", "Otus_hw_serializer\Otus_hw_serializer.csproj", "{996C14FE-C95E-4680-9F17-430CDDF69242}"
EndProject
Global
	GlobalSection(SolutionConfigurationPlatforms) = preSolution
		Debug|Any CPU = Debug|Any CPU
		Release|Any CPU = Release|Any CPU
	EndGlobalSection
	GlobalSection(ProjectConfigurationPlatforms) = postSolution
		{996C14FE-C95E-4680-9F17-430CDDF69242}.Debug|Any CPU.ActiveCfg = Debug|Any CPU
		{996C14FE-C95E-4680-9F17-430CDDF69242}.Debug|Any CPU.Build.0 = Debug|Any CPU
		{996C14FE-C95E-4680-9F17-430CDDF69242}.Release|Any CPU.ActiveCfg = Release|Any CPU
		{996C14FE-C95E-4680-9F17-430CDDF69242}.Release|Any CPU.Build.0 = Release|Any CPU
	EndGlobalSection
	GlobalSection(SolutionProperties) = preSolution
		HideSolutionNode = FALSE
	EndGlobalSection
	GlobalSection(ExtensibilityGlobals) = postSolution
		SolutionGuid = {137E5042-56F4-4D3B-B5A2-77A9AFCACD49}
	EndGlobalSection
EndGlobal
